
Microsoft Visual Studio Solution File, Format Version 12.00
# Visual Studio Version 17
VisualStudioVersion = 17.6.33815.320
MinimumVisualStudioVersion = 10.0.40219.1
Project("{FAE04EC0-301F-11D3-BF4B-00C04F79EFBC}") = "EquipmentListTable", "EquipmentListTable.csproj", "{F44935AA-75DA-4742-87E7-075DBDB4014A}"
EndProject
Global
	GlobalSection(SolutionConfigurationPlatforms) = preSolution
		Debug|Any CPU = Debug|Any CPU
		Release|Any CPU = Release|Any CPU
	EndGlobalSection
	GlobalSection(ProjectConfigurationPlatforms) = postSolution
		{F44935AA-75DA-4742-87E7-075DBDB4014A}.Debug|Any CPU.ActiveCfg = Debug|Any CPU
		{F44935AA-75DA-4742-87E7-075DBDB4014A}.Debug|Any CPU.Build.0 = Debug|Any CPU
		{F44935AA-75DA-4742-87E7-075DBDB4014A}.Release|Any CPU.ActiveCfg = Release|Any CPU
		{F44935AA-75DA-4742-87E7-075DBDB4014A}.Release|Any CPU.Build.0 = Release|Any CPU
	EndGlobalSection
	GlobalSection(SolutionProperties) = preSolution
		HideSolutionNode = FALSE
	EndGlobalSection
	GlobalSection(ExtensibilityGlobals) = postSolution
		SolutionGuid = {6772F3EC-8B99-4788-8727-6BA7831D161A}
	EndGlobalSection
EndGlobal
